
Microsoft Visual Studio Solution File, Format Version 12.00
# Visual Studio Version 17
VisualStudioVersion = 17.10.35013.160
MinimumVisualStudioVersion = 10.0.40219.1
Project("{FAE04EC0-301F-11D3-BF4B-00C04F79EFBC}") = "FileMover", "FileMover\FileMover.csproj", "{AC0D68D5-10C7-427B-8006-EB51974022D2}"
EndProject
Global
	GlobalSection(SolutionConfigurationPlatforms) = preSolution
		Debug|Any CPU = Debug|Any CPU
		Release|Any CPU = Release|Any CPU
	EndGlobalSection
	GlobalSection(ProjectConfigurationPlatforms) = postSolution
		{AC0D68D5-10C7-427B-8006-EB51974022D2}.Debug|Any CPU.ActiveCfg = Debug|Any CPU
		{AC0D68D5-10C7-427B-8006-EB51974022D2}.Debug|Any CPU.Build.0 = Debug|Any CPU
		{AC0D68D5-10C7-427B-8006-EB51974022D2}.Release|Any CPU.ActiveCfg = Release|Any CPU
		{AC0D68D5-10C7-427B-8006-EB51974022D2}.Release|Any CPU.Build.0 = Release|Any CPU
	EndGlobalSection
	GlobalSection(SolutionProperties) = preSolution
		HideSolutionNode = FALSE
	EndGlobalSection
	GlobalSection(ExtensibilityGlobals) = postSolution
		SolutionGuid = {95C9DD0E-C112-42DD-9F14-02A4167864EF}
	EndGlobalSection
EndGlobal
